{
  "nodes": {
    "impermanence": {
      "locked": {
        "lastModified": 1644791231,
        "narHash": "sha256-iDihsF1fUMK4xXiUudPnDM3veH1LXbbxfP9Lzekw9iU=",
        "owner": "nix-community",
        "repo": "impermanence",
        "rev": "635bcd2d88739197a0b584aa9fadaa53c717a853",
        "type": "github"
      },
      "original": {
        "owner": "nix-community",
        "repo": "impermanence",
        "type": "github"
      }
    },
    "nixpkgs": {
      "locked": {
        "lastModified": 1645379616,
        "narHash": "sha256-eLzR3MRS9hcNqSWZxP6BP7xiBjgC3/pB5n2Q0lLFe/g=",
        "owner": "NixOS",
        "repo": "nixpkgs",
        "rev": "40ef692a55b188b1f5ae3967f3fc7808838c3f1d",
        "type": "github"
      },
      "original": {
        "id": "nixpkgs",
        "ref": "nixos-21.11",
        "type": "indirect"
      }
    },
    "root": {
      "inputs": {
        "impermanence": "impermanence",
        "nixpkgs": "nixpkgs",
        "unstable": "unstable"
      }
    },
    "unstable": {
      "locked": {
        "lastModified": 1645433236,
        "narHash": "sha256-4va4MvJ076XyPp5h8sm5eMQvCrJ6yZAbBmyw95dGyw4=",
        "owner": "NixOS",
        "repo": "nixpkgs",
        "rev": "7f9b6e2babf232412682c09e57ed666d8f84ac2d",
        "type": "github"
      },
      "original": {
        "id": "nixpkgs",
        "ref": "nixos-unstable",
        "type": "indirect"
      }
    }
  },
  "root": "root",
  "version": 7
}
