{
  "nodes": {
    "impermanence": {
      "locked": {
        "lastModified": 1611747548,
        "narHash": "sha256-2z5wmWda1uI4IkTZrW52jiHq3bzhYLc+GgjvaSd544M=",
        "owner": "nix-community",
        "repo": "impermanence",
        "rev": "58558845bc68dcf2bb32caa80564f7fe3f6cbc61",
        "type": "github"
      },
      "original": {
        "owner": "nix-community",
        "repo": "impermanence",
        "type": "github"
      }
    },
    "nixpkgs": {
      "locked": {
        "lastModified": 1631706269,
        "narHash": "sha256-KVaS+GC3gz/G5qL09ZUnq4gpQR38C+AWuXJ1ftirgK0=",
        "owner": "NixOS",
        "repo": "nixpkgs",
        "rev": "8dd8bd8be74879f9f7919b16a4cb5ab2a75f18e5",
        "type": "github"
      },
      "original": {
        "id": "nixpkgs",
        "ref": "nixos-21.05",
        "type": "indirect"
      }
    },
    "root": {
      "inputs": {
        "impermanence": "impermanence",
        "nixpkgs": "nixpkgs",
        "unstable": "unstable"
      }
    },
    "unstable": {
      "locked": {
        "lastModified": 1631696613,
        "narHash": "sha256-6DomCcyMMRG+ShtDstRgCjC1m5J0JzjEMnUaiLnl9TY=",
        "owner": "NixOS",
        "repo": "nixpkgs",
        "rev": "47eaf6727bd362dac94eab91b7fdc876642d578b",
        "type": "github"
      },
      "original": {
        "id": "nixpkgs",
        "ref": "nixos-unstable",
        "type": "indirect"
      }
    }
  },
  "root": "root",
  "version": 7
}
